
Microsoft Visual Studio Solution File, Format Version 12.00
# Visual Studio Version 17
VisualStudioVersion = 17.11.35219.272
MinimumVisualStudioVersion = 10.0.40219.1
Project("{9A19103F-16F7-4668-BE54-9A1E7A4F7556}") = "OpenApiSample.Data", "OpenApiSample.Data\OpenApiSample.Data.csproj", "{91B98B20-5658-434E-AC27-D50C836464F6}"
EndProject
Project("{FAE04EC0-301F-11D3-BF4B-00C04F79EFBC}") = "OpenAiSample.WebApi", "OpenAiSample.WebApi\OpenAiSample.WebApi.csproj", "{B069CF8C-CCA3-4BFA-A6A2-EEDC48991506}"
EndProject
Global
	GlobalSection(SolutionConfigurationPlatforms) = preSolution
		Debug|Any CPU = Debug|Any CPU
		Release|Any CPU = Release|Any CPU
	EndGlobalSection
	GlobalSection(ProjectConfigurationPlatforms) = postSolution
		{91B98B20-5658-434E-AC27-D50C836464F6}.Debug|Any CPU.ActiveCfg = Debug|Any CPU
		{91B98B20-5658-434E-AC27-D50C836464F6}.Debug|Any CPU.Build.0 = Debug|Any CPU
		{91B98B20-5658-434E-AC27-D50C836464F6}.Release|Any CPU.ActiveCfg = Release|Any CPU
		{91B98B20-5658-434E-AC27-D50C836464F6}.Release|Any CPU.Build.0 = Release|Any CPU
		{B069CF8C-CCA3-4BFA-A6A2-EEDC48991506}.Debug|Any CPU.ActiveCfg = Debug|Any CPU
		{B069CF8C-CCA3-4BFA-A6A2-EEDC48991506}.Debug|Any CPU.Build.0 = Debug|Any CPU
		{B069CF8C-CCA3-4BFA-A6A2-EEDC48991506}.Release|Any CPU.ActiveCfg = Release|Any CPU
		{B069CF8C-CCA3-4BFA-A6A2-EEDC48991506}.Release|Any CPU.Build.0 = Release|Any CPU
	EndGlobalSection
	GlobalSection(SolutionProperties) = preSolution
		HideSolutionNode = FALSE
	EndGlobalSection
	GlobalSection(ExtensibilityGlobals) = postSolution
		SolutionGuid = {08C426DE-341E-42BC-AB93-66C22F9141AF}
	EndGlobalSection
EndGlobal
